# THIS IS AN AUTOGENERATED FILE. DO NOT EDIT THIS FILE DIRECTLY.
# yarn lockfile v1


commander@^2.19.0:
  version "2.20.3"
  resolved "https://registry.npm.taobao.org/commander/download/commander-2.20.3.tgz?cache=0&sync_timestamp=1573464098030&other_urls=https%3A%2F%2Fregistry.npm.taobao.org%2Fcommander%2Fdownload%2Fcommander-2.20.3.tgz#fd485e84c03eb4881c20722ba48035e8531aeb33"
  integrity sha1-/UhehMA+tIgcIHIrpIA16FMa6zM=

katex@^0.11.1:
  version "0.11.1"
  resolved "https://registry.npm.taobao.org/katex/download/katex-0.11.1.tgz#df30ca40c565c9df01a466a00d53e079e84ffaa2"
  integrity sha1-3zDKQMVlyd8BpGagDVPgeehP+qI=
  dependencies:
    commander "^2.19.0"

markdown-it-texmath@^0.6.0:
  version "0.6.0"
  resolved "https://registry.npm.taobao.org/markdown-it-texmath/download/markdown-it-texmath-0.6.0.tgz#b8f460a760955596ededc1f96d320037ce2223ce"
  integrity sha1-uPRgp2CVVZbt7cH5bTIAN84iI84=
